{
  "name": "@hasura-ws/node",
  "version": "1.0.1-alpha.0",
  "lockfileVersion": 2,
  "requires": true,
  "packages": {
    "": {
      "name": "@hasura-ws/node",
      "version": "1.0.1-alpha.0",
      "license": "MIT",
      "dependencies": {
        "@hasura-ws/core": "^1.0.1-alpha.0",
        "ws": "^7.4.5"
      }
    },
    "node_modules/@hasura-ws/core": {
      "version": "1.0.1-alpha.0",
      "resolved": "https://registry.npmjs.org/@hasura-ws/core/-/core-1.0.1-alpha.0.tgz",
      "integrity": "sha512-WlsATYEkD8lUZ4DmrR/AuPyQljEtdoC47FbcedBTy/A+wkv0B/WrP42JhYwPL/XZeyUqQ961S4DwnGoC9seB0w=="
    },
    "node_modules/ws": {
      "version": "7.4.5",
      "resolved": "https://registry.npmjs.org/ws/-/ws-7.4.5.tgz",
      "integrity": "sha512-xzyu3hFvomRfXKH8vOFMU3OguG6oOvhXMo3xsGy3xWExqaM2dxBbVxuD99O7m3ZUFMvvscsZDqxfgMaRr/Nr1g==",
      "engines": {
        "node": ">=8.3.0"
      },
      "peerDependencies": {
        "bufferutil": "^4.0.1",
        "utf-8-validate": "^5.0.2"
      },
      "peerDependenciesMeta": {
        "bufferutil": {
          "optional": true
        },
        "utf-8-validate": {
          "optional": true
        }
      }
    }
  },
  "dependencies": {
    "@hasura-ws/core": {
      "version": "1.0.1-alpha.0",
      "resolved": "https://registry.npmjs.org/@hasura-ws/core/-/core-1.0.1-alpha.0.tgz",
      "integrity": "sha512-WlsATYEkD8lUZ4DmrR/AuPyQljEtdoC47FbcedBTy/A+wkv0B/WrP42JhYwPL/XZeyUqQ961S4DwnGoC9seB0w=="
    },
    "ws": {
      "version": "7.4.5",
      "resolved": "https://registry.npmjs.org/ws/-/ws-7.4.5.tgz",
      "integrity": "sha512-xzyu3hFvomRfXKH8vOFMU3OguG6oOvhXMo3xsGy3xWExqaM2dxBbVxuD99O7m3ZUFMvvscsZDqxfgMaRr/Nr1g==",
      "requires": {}
    }
  }
}
